
Microsoft Visual Studio Solution File, Format Version 12.00
# Visual Studio Express 14 for Windows Desktop
VisualStudioVersion = 14.0.25420.1
MinimumVisualStudioVersion = 10.0.40219.1
Project("{FAE04EC0-301F-11D3-BF4B-00C04F79EFBC}") = "XiaoMiGateway", "XiaoMiGateway.csproj", "{BCDF65CD-0898-46D7-B7BE-42AB26E36F6A}"
EndProject
Global
	GlobalSection(SolutionConfigurationPlatforms) = preSolution
		Debug|Any CPU = Debug|Any CPU
		Release|Any CPU = Release|Any CPU
	EndGlobalSection
	GlobalSection(ProjectConfigurationPlatforms) = postSolution
		{BCDF65CD-0898-46D7-B7BE-42AB26E36F6A}.Debug|Any CPU.ActiveCfg = Debug|Any CPU
		{BCDF65CD-0898-46D7-B7BE-42AB26E36F6A}.Debug|Any CPU.Build.0 = Debug|Any CPU
		{BCDF65CD-0898-46D7-B7BE-42AB26E36F6A}.Release|Any CPU.ActiveCfg = Release|Any CPU
		{BCDF65CD-0898-46D7-B7BE-42AB26E36F6A}.Release|Any CPU.Build.0 = Release|Any CPU
	EndGlobalSection
	GlobalSection(SolutionProperties) = preSolution
		HideSolutionNode = FALSE
	EndGlobalSection
EndGlobal
